
Microsoft Visual Studio Solution File, Format Version 12.00
# Visual Studio 15
VisualStudioVersion = 15.0.26124.0
MinimumVisualStudioVersion = 15.0.26124.0
Project("{9A19103F-16F7-4668-BE54-9A1E7A4F7556}") = "BudgetTracker.Data", "budgettracker.data\BudgetTracker.Data.csproj", "{07B51C0A-C67A-41CF-99A7-3C59254C2CDA}"
EndProject
Project("{9A19103F-16F7-4668-BE54-9A1E7A4F7556}") = "BudgetTracker.Web", "budgettracker.web\BudgetTracker.Web.csproj", "{D333580D-644A-4882-B36F-8E51D61007C8}"
EndProject
Project("{9A19103F-16F7-4668-BE54-9A1E7A4F7556}") = "budgettracker.common", "budgettracker.common\budgettracker.common.csproj", "{B9392B4E-BE9F-4490-A2EB-425AEA7D73E6}"
EndProject
Project("{9A19103F-16F7-4668-BE54-9A1E7A4F7556}") = "budgettracker.business", "budgettracker.business\budgettracker.business.csproj", "{9F576400-2C22-4FA5-AD56-77649DB78FAD}"
EndProject
Project("{FAE04EC0-301F-11D3-BF4B-00C04F79EFBC}") = "GateKeeper", "GateKeeper\GateKeeper.csproj", "{26CA2AB5-C4E9-46EB-8209-0E6739D5A884}"
EndProject
Global
	GlobalSection(SolutionConfigurationPlatforms) = preSolution
		Debug|Any CPU = Debug|Any CPU
		Debug|x64 = Debug|x64
		Debug|x86 = Debug|x86
		Release|Any CPU = Release|Any CPU
		Release|x64 = Release|x64
		Release|x86 = Release|x86
	EndGlobalSection
	GlobalSection(ProjectConfigurationPlatforms) = postSolution
		{07B51C0A-C67A-41CF-99A7-3C59254C2CDA}.Debug|Any CPU.ActiveCfg = Debug|Any CPU
		{07B51C0A-C67A-41CF-99A7-3C59254C2CDA}.Debug|Any CPU.Build.0 = Debug|Any CPU
		{07B51C0A-C67A-41CF-99A7-3C59254C2CDA}.Debug|x64.ActiveCfg = Debug|Any CPU
		{07B51C0A-C67A-41CF-99A7-3C59254C2CDA}.Debug|x64.Build.0 = Debug|Any CPU
		{07B51C0A-C67A-41CF-99A7-3C59254C2CDA}.Debug|x86.ActiveCfg = Debug|Any CPU
		{07B51C0A-C67A-41CF-99A7-3C59254C2CDA}.Debug|x86.Build.0 = Debug|Any CPU
		{07B51C0A-C67A-41CF-99A7-3C59254C2CDA}.Release|Any CPU.ActiveCfg = Release|Any CPU
		{07B51C0A-C67A-41CF-99A7-3C59254C2CDA}.Release|Any CPU.Build.0 = Release|Any CPU
		{07B51C0A-C67A-41CF-99A7-3C59254C2CDA}.Release|x64.ActiveCfg = Release|Any CPU
		{07B51C0A-C67A-41CF-99A7-3C59254C2CDA}.Release|x64.Build.0 = Release|Any CPU
		{07B51C0A-C67A-41CF-99A7-3C59254C2CDA}.Release|x86.ActiveCfg = Release|Any CPU
		{07B51C0A-C67A-41CF-99A7-3C59254C2CDA}.Release|x86.Build.0 = Release|Any CPU
		{D333580D-644A-4882-B36F-8E51D61007C8}.Debug|Any CPU.ActiveCfg = Debug|Any CPU
		{D333580D-644A-4882-B36F-8E51D61007C8}.Debug|Any CPU.Build.0 = Debug|Any CPU
		{D333580D-644A-4882-B36F-8E51D61007C8}.Debug|x64.ActiveCfg = Debug|Any CPU
		{D333580D-644A-4882-B36F-8E51D61007C8}.Debug|x64.Build.0 = Debug|Any CPU
		{D333580D-644A-4882-B36F-8E51D61007C8}.Debug|x86.ActiveCfg = Debug|Any CPU
		{D333580D-644A-4882-B36F-8E51D61007C8}.Debug|x86.Build.0 = Debug|Any CPU
		{D333580D-644A-4882-B36F-8E51D61007C8}.Release|Any CPU.ActiveCfg = Release|Any CPU
		{D333580D-644A-4882-B36F-8E51D61007C8}.Release|Any CPU.Build.0 = Release|Any CPU
		{D333580D-644A-4882-B36F-8E51D61007C8}.Release|x64.ActiveCfg = Release|Any CPU
		{D333580D-644A-4882-B36F-8E51D61007C8}.Release|x64.Build.0 = Release|Any CPU
		{D333580D-644A-4882-B36F-8E51D61007C8}.Release|x86.ActiveCfg = Release|Any CPU
		{D333580D-644A-4882-B36F-8E51D61007C8}.Release|x86.Build.0 = Release|Any CPU
		{DC80CB02-219D-4085-9B05-4DD24446C2B0}.Debug|Any CPU.ActiveCfg = Debug|Any CPU
		{DC80CB02-219D-4085-9B05-4DD24446C2B0}.Debug|Any CPU.Build.0 = Debug|Any CPU
		{DC80CB02-219D-4085-9B05-4DD24446C2B0}.Debug|x64.ActiveCfg = Debug|Any CPU
		{DC80CB02-219D-4085-9B05-4DD24446C2B0}.Debug|x64.Build.0 = Debug|Any CPU
		{DC80CB02-219D-4085-9B05-4DD24446C2B0}.Debug|x86.ActiveCfg = Debug|Any CPU
		{DC80CB02-219D-4085-9B05-4DD24446C2B0}.Debug|x86.Build.0 = Debug|Any CPU
		{DC80CB02-219D-4085-9B05-4DD24446C2B0}.Release|Any CPU.ActiveCfg = Release|Any CPU
		{DC80CB02-219D-4085-9B05-4DD24446C2B0}.Release|Any CPU.Build.0 = Release|Any CPU
		{DC80CB02-219D-4085-9B05-4DD24446C2B0}.Release|x64.ActiveCfg = Release|Any CPU
		{DC80CB02-219D-4085-9B05-4DD24446C2B0}.Release|x64.Build.0 = Release|Any CPU
		{DC80CB02-219D-4085-9B05-4DD24446C2B0}.Release|x86.ActiveCfg = Release|Any CPU
		{DC80CB02-219D-4085-9B05-4DD24446C2B0}.Release|x86.Build.0 = Release|Any CPU
		{B9392B4E-BE9F-4490-A2EB-425AEA7D73E6}.Debug|Any CPU.ActiveCfg = Debug|Any CPU
		{B9392B4E-BE9F-4490-A2EB-425AEA7D73E6}.Debug|Any CPU.Build.0 = Debug|Any CPU
		{B9392B4E-BE9F-4490-A2EB-425AEA7D73E6}.Debug|x64.ActiveCfg = Debug|Any CPU
		{B9392B4E-BE9F-4490-A2EB-425AEA7D73E6}.Debug|x64.Build.0 = Debug|Any CPU
		{B9392B4E-BE9F-4490-A2EB-425AEA7D73E6}.Debug|x86.ActiveCfg = Debug|Any CPU
		{B9392B4E-BE9F-4490-A2EB-425AEA7D73E6}.Debug|x86.Build.0 = Debug|Any CPU
		{B9392B4E-BE9F-4490-A2EB-425AEA7D73E6}.Release|Any CPU.ActiveCfg = Release|Any CPU
		{B9392B4E-BE9F-4490-A2EB-425AEA7D73E6}.Release|Any CPU.Build.0 = Release|Any CPU
		{B9392B4E-BE9F-4490-A2EB-425AEA7D73E6}.Release|x64.ActiveCfg = Release|Any CPU
		{B9392B4E-BE9F-4490-A2EB-425AEA7D73E6}.Release|x64.Build.0 = Release|Any CPU
		{B9392B4E-BE9F-4490-A2EB-425AEA7D73E6}.Release|x86.ActiveCfg = Release|Any CPU
		{B9392B4E-BE9F-4490-A2EB-425AEA7D73E6}.Release|x86.Build.0 = Release|Any CPU
		{9F576400-2C22-4FA5-AD56-77649DB78FAD}.Debug|Any CPU.ActiveCfg = Debug|Any CPU
		{9F576400-2C22-4FA5-AD56-77649DB78FAD}.Debug|Any CPU.Build.0 = Debug|Any CPU
		{9F576400-2C22-4FA5-AD56-77649DB78FAD}.Debug|x64.ActiveCfg = Debug|Any CPU
		{9F576400-2C22-4FA5-AD56-77649DB78FAD}.Debug|x64.Build.0 = Debug|Any CPU
		{9F576400-2C22-4FA5-AD56-77649DB78FAD}.Debug|x86.ActiveCfg = Debug|Any CPU
		{9F576400-2C22-4FA5-AD56-77649DB78FAD}.Debug|x86.Build.0 = Debug|Any CPU
		{9F576400-2C22-4FA5-AD56-77649DB78FAD}.Release|Any CPU.ActiveCfg = Release|Any CPU
		{9F576400-2C22-4FA5-AD56-77649DB78FAD}.Release|Any CPU.Build.0 = Release|Any CPU
		{9F576400-2C22-4FA5-AD56-77649DB78FAD}.Release|x64.ActiveCfg = Release|Any CPU
		{9F576400-2C22-4FA5-AD56-77649DB78FAD}.Release|x64.Build.0 = Release|Any CPU
		{9F576400-2C22-4FA5-AD56-77649DB78FAD}.Release|x86.ActiveCfg = Release|Any CPU
		{9F576400-2C22-4FA5-AD56-77649DB78FAD}.Release|x86.Build.0 = Release|Any CPU
		{26CA2AB5-C4E9-46EB-8209-0E6739D5A884}.Debug|Any CPU.ActiveCfg = Debug|Any CPU
		{26CA2AB5-C4E9-46EB-8209-0E6739D5A884}.Debug|Any CPU.Build.0 = Debug|Any CPU
		{26CA2AB5-C4E9-46EB-8209-0E6739D5A884}.Debug|x64.ActiveCfg = Debug|Any CPU
		{26CA2AB5-C4E9-46EB-8209-0E6739D5A884}.Debug|x64.Build.0 = Debug|Any CPU
		{26CA2AB5-C4E9-46EB-8209-0E6739D5A884}.Debug|x86.ActiveCfg = Debug|Any CPU
		{26CA2AB5-C4E9-46EB-8209-0E6739D5A884}.Debug|x86.Build.0 = Debug|Any CPU
		{26CA2AB5-C4E9-46EB-8209-0E6739D5A884}.Release|Any CPU.ActiveCfg = Release|Any CPU
		{26CA2AB5-C4E9-46EB-8209-0E6739D5A884}.Release|Any CPU.Build.0 = Release|Any CPU
		{26CA2AB5-C4E9-46EB-8209-0E6739D5A884}.Release|x64.ActiveCfg = Release|Any CPU
		{26CA2AB5-C4E9-46EB-8209-0E6739D5A884}.Release|x64.Build.0 = Release|Any CPU
		{26CA2AB5-C4E9-46EB-8209-0E6739D5A884}.Release|x86.ActiveCfg = Release|Any CPU
		{26CA2AB5-C4E9-46EB-8209-0E6739D5A884}.Release|x86.Build.0 = Release|Any CPU
	EndGlobalSection
	GlobalSection(SolutionProperties) = preSolution
		HideSolutionNode = FALSE
	EndGlobalSection
	GlobalSection(ExtensibilityGlobals) = postSolution
		SolutionGuid = {E0C05500-695C-4AE0-9F56-C2CCDEBEF80A}
	EndGlobalSection
EndGlobal
